
Microsoft Visual Studio Solution File, Format Version 12.00
# Visual Studio Version 17
VisualStudioVersion = 17.6.33815.320
MinimumVisualStudioVersion = 10.0.40219.1
Project("{FAE04EC0-301F-11D3-BF4B-00C04F79EFBC}") = "lab4ex1", "lab4ex1\lab4ex1.csproj", "{FA03AA12-9758-462A-983F-6FD287CE97A5}"
EndProject
Global
	GlobalSection(SolutionConfigurationPlatforms) = preSolution
		Debug|Any CPU = Debug|Any CPU
		Release|Any CPU = Release|Any CPU
	EndGlobalSection
	GlobalSection(ProjectConfigurationPlatforms) = postSolution
		{FA03AA12-9758-462A-983F-6FD287CE97A5}.Debug|Any CPU.ActiveCfg = Debug|Any CPU
		{FA03AA12-9758-462A-983F-6FD287CE97A5}.Debug|Any CPU.Build.0 = Debug|Any CPU
		{FA03AA12-9758-462A-983F-6FD287CE97A5}.Release|Any CPU.ActiveCfg = Release|Any CPU
		{FA03AA12-9758-462A-983F-6FD287CE97A5}.Release|Any CPU.Build.0 = Release|Any CPU
	EndGlobalSection
	GlobalSection(SolutionProperties) = preSolution
		HideSolutionNode = FALSE
	EndGlobalSection
	GlobalSection(ExtensibilityGlobals) = postSolution
		SolutionGuid = {F250C950-2575-46C0-A25A-966E04EAC6F2}
	EndGlobalSection
EndGlobal
